
Microsoft Visual Studio Solution File, Format Version 12.00
# Visual Studio Version 17
VisualStudioVersion = 17.1.32414.318
MinimumVisualStudioVersion = 10.0.40219.1
Project("{FAE04EC0-301F-11D3-BF4B-00C04F79EFBC}") = "Nose_Drive_Starter", "Nose_Drive_Starter.csproj", "{1E281A24-F9E6-4AFB-B38E-41D933218AF2}"
EndProject
Global
	GlobalSection(SolutionConfigurationPlatforms) = preSolution
		Debug|Any CPU = Debug|Any CPU
		Release|Any CPU = Release|Any CPU
	EndGlobalSection
	GlobalSection(ProjectConfigurationPlatforms) = postSolution
		{1E281A24-F9E6-4AFB-B38E-41D933218AF2}.Debug|Any CPU.ActiveCfg = Debug|Any CPU
		{1E281A24-F9E6-4AFB-B38E-41D933218AF2}.Debug|Any CPU.Build.0 = Debug|Any CPU
		{1E281A24-F9E6-4AFB-B38E-41D933218AF2}.Release|Any CPU.ActiveCfg = Release|Any CPU
		{1E281A24-F9E6-4AFB-B38E-41D933218AF2}.Release|Any CPU.Build.0 = Release|Any CPU
	EndGlobalSection
	GlobalSection(SolutionProperties) = preSolution
		HideSolutionNode = FALSE
	EndGlobalSection
	GlobalSection(ExtensibilityGlobals) = postSolution
		SolutionGuid = {73E1F50E-BE69-466A-8D7C-DEDA01BEBCD6}
	EndGlobalSection
EndGlobal
